// !$*UTF8*$!
{
	archiveVersion = 1;
	classes = {
	};
	objectVersion = 56;
	objects = {

/* Begin PBXBuildFile section */
		BD1CA63F2B84C45F0088B3D2 /* View+Icon.swift in Sources */ = {isa = PBXBuildFile; fileRef = BD1CA63E2B84C45F0088B3D2 /* View+Icon.swift */; };
		BD1CA6422B84D6180088B3D2 /* Date+Seed.swift in Sources */ = {isa = PBXBuildFile; fileRef = BD1CA6412B84D6180088B3D2 /* Date+Seed.swift */; };
		BD1CA6442B84D67D0088B3D2 /* Calendar+DaysBetween.swift in Sources */ = {isa = PBXBuildFile; fileRef = BD1CA6432B84D67D0088B3D2 /* Calendar+DaysBetween.swift */; };
		BD1CA6462B84D6AD0088B3D2 /* Bundle+CategoryDecoding.swift in Sources */ = {isa = PBXBuildFile; fileRef = BD1CA6452B84D6AD0088B3D2 /* Bundle+CategoryDecoding.swift */; };
		BD1CA6482B84D7890088B3D2 /* Haptics.swift in Sources */ = {isa = PBXBuildFile; fileRef = BD1CA6472B84D7890088B3D2 /* Haptics.swift */; };
		BD36CB9C2926577900BC93E2 /* UnlockManager.swift in Sources */ = {isa = PBXBuildFile; fileRef = BD36CB9B2926577800BC93E2 /* UnlockManager.swift */; };
		BD36CB9F29265A8C00BC93E2 /* StoreKit.framework in Frameworks */ = {isa = PBXBuildFile; fileRef = BD36CB9E29265A8C00BC93E2 /* StoreKit.framework */; };
		BD36CBA1292675F600BC93E2 /* FullUnlockView.swift in Sources */ = {isa = PBXBuildFile; fileRef = BD36CBA0292675F600BC93E2 /* FullUnlockView.swift */; };
		BD36CBA32926768300BC93E2 /* InAppPurchaseView.swift in Sources */ = {isa = PBXBuildFile; fileRef = BD36CBA22926768300BC93E2 /* InAppPurchaseView.swift */; };
		BD44D89D2932629E009130D3 /* StoredInteger.swift in Sources */ = {isa = PBXBuildFile; fileRef = BD44D89C2932629D009130D3 /* StoredInteger.swift */; };
		BD44D89F293262B4009130D3 /* Statistics.swift in Sources */ = {isa = PBXBuildFile; fileRef = BD44D89E293262B4009130D3 /* Statistics.swift */; };
		BD44D8A1293262C3009130D3 /* Settings.swift in Sources */ = {isa = PBXBuildFile; fileRef = BD44D8A0293262C3009130D3 /* Settings.swift */; };
		BD4DD59E29DF45A4008669D1 /* DebugView.swift in Sources */ = {isa = PBXBuildFile; fileRef = BD4DD59D29DF45A4008669D1 /* DebugView.swift */; };
		BD559BCF2B9438030044583C /* FullUnlockRowView.swift in Sources */ = {isa = PBXBuildFile; fileRef = BD559BCE2B9438030044583C /* FullUnlockRowView.swift */; };
		BD8461ED2937E70D00451323 /* DomingoEngine.swift in Sources */ = {isa = PBXBuildFile; fileRef = BD8461EC2937E70D00451323 /* DomingoEngine.swift */; };
		BD85760229144789003D4D47 /* WordoutApp.swift in Sources */ = {isa = PBXBuildFile; fileRef = BD85760129144789003D4D47 /* WordoutApp.swift */; };
		BD85760429144789003D4D47 /* ContentView.swift in Sources */ = {isa = PBXBuildFile; fileRef = BD85760329144789003D4D47 /* ContentView.swift */; };
		BD8576062914478B003D4D47 /* Assets.xcassets in Resources */ = {isa = PBXBuildFile; fileRef = BD8576052914478B003D4D47 /* Assets.xcassets */; };
		BD8576092914478B003D4D47 /* Preview Assets.xcassets in Resources */ = {isa = PBXBuildFile; fileRef = BD8576082914478B003D4D47 /* Preview Assets.xcassets */; };
		BD857610291447D0003D4D47 /* MainMenuView.swift in Sources */ = {isa = PBXBuildFile; fileRef = BD85760F291447D0003D4D47 /* MainMenuView.swift */; };
		BD857612291447FA003D4D47 /* WelcomeView.swift in Sources */ = {isa = PBXBuildFile; fileRef = BD857611291447FA003D4D47 /* WelcomeView.swift */; };
		BD85761829144828003D4D47 /* CategoriesView.swift in Sources */ = {isa = PBXBuildFile; fileRef = BD85761729144828003D4D47 /* CategoriesView.swift */; };
		BD85761A2914482F003D4D47 /* CategoryView.swift in Sources */ = {isa = PBXBuildFile; fileRef = BD8576192914482F003D4D47 /* CategoryView.swift */; };
		BD9B38542915537F00B6B042 /* Vehicles.txt in Resources */ = {isa = PBXBuildFile; fileRef = BD9B382B2915537E00B6B042 /* Vehicles.txt */; };
		BD9B38552915537F00B6B042 /* Containers.txt in Resources */ = {isa = PBXBuildFile; fileRef = BD9B382C2915537E00B6B042 /* Containers.txt */; };
		BD9B38562915537F00B6B042 /* Drinks.txt in Resources */ = {isa = PBXBuildFile; fileRef = BD9B382D2915537E00B6B042 /* Drinks.txt */; };
		BD9B38572915537F00B6B042 /* Animals.txt in Resources */ = {isa = PBXBuildFile; fileRef = BD9B382E2915537E00B6B042 /* Animals.txt */; };
		BD9B38582915537F00B6B042 /* Food.txt in Resources */ = {isa = PBXBuildFile; fileRef = BD9B382F2915537E00B6B042 /* Food.txt */; };
		BD9B38592915537F00B6B042 /* Books.txt in Resources */ = {isa = PBXBuildFile; fileRef = BD9B38302915537E00B6B042 /* Books.txt */; };
		BD9B385A2915537F00B6B042 /* Colours.txt in Resources */ = {isa = PBXBuildFile; fileRef = BD9B38312915537E00B6B042 /* Colours.txt */; };
		BD9B385B2915537F00B6B042 /* Units.txt in Resources */ = {isa = PBXBuildFile; fileRef = BD9B38322915537E00B6B042 /* Units.txt */; };
		BD9B385C2915537F00B6B042 /* Weapons.txt in Resources */ = {isa = PBXBuildFile; fileRef = BD9B38332915537E00B6B042 /* Weapons.txt */; };
		BD9B385D2915537F00B6B042 /* Water.txt in Resources */ = {isa = PBXBuildFile; fileRef = BD9B38342915537E00B6B042 /* Water.txt */; };
		BD9B385E2915537F00B6B042 /* Sport.txt in Resources */ = {isa = PBXBuildFile; fileRef = BD9B38352915537E00B6B042 /* Sport.txt */; };
		BD9B385F2915537F00B6B042 /* Trees.txt in Resources */ = {isa = PBXBuildFile; fileRef = BD9B38362915537E00B6B042 /* Trees.txt */; };
		BD9B38602915537F00B6B042 /* Companies.txt in Resources */ = {isa = PBXBuildFile; fileRef = BD9B38372915537E00B6B042 /* Companies.txt */; };
		BD9B38612915537F00B6B042 /* Maths.txt in Resources */ = {isa = PBXBuildFile; fileRef = BD9B38382915537E00B6B042 /* Maths.txt */; };
		BD9B38622915537F00B6B042 /* Buildings.txt in Resources */ = {isa = PBXBuildFile; fileRef = BD9B38392915537E00B6B042 /* Buildings.txt */; };
		BD9B38632915537F00B6B042 /* Titles.txt in Resources */ = {isa = PBXBuildFile; fileRef = BD9B383A2915537E00B6B042 /* Titles.txt */; };
		BD9B38642915537F00B6B042 /* Chemistry.txt in Resources */ = {isa = PBXBuildFile; fileRef = BD9B383B2915537E00B6B042 /* Chemistry.txt */; };
		BD9B38662915537F00B6B042 /* Music.txt in Resources */ = {isa = PBXBuildFile; fileRef = BD9B383D2915537E00B6B042 /* Music.txt */; };
		BD9B38672915537F00B6B042 /* Jobs.txt in Resources */ = {isa = PBXBuildFile; fileRef = BD9B383E2915537E00B6B042 /* Jobs.txt */; };
		BD9B38682915537F00B6B042 /* Nature.txt in Resources */ = {isa = PBXBuildFile; fileRef = BD9B383F2915537E00B6B042 /* Nature.txt */; };
		BD9B38692915537F00B6B042 /* Clothing.txt in Resources */ = {isa = PBXBuildFile; fileRef = BD9B38402915537E00B6B042 /* Clothing.txt */; };
		BD9B386A2915537F00B6B042 /* Family.txt in Resources */ = {isa = PBXBuildFile; fileRef = BD9B38412915537E00B6B042 /* Family.txt */; };
		BD9B386B2915537F00B6B042 /* Kitchen Utensils.txt in Resources */ = {isa = PBXBuildFile; fileRef = BD9B38422915537E00B6B042 /* Kitchen Utensils.txt */; };
		BD9B386E2915537F00B6B042 /* Cities.txt in Resources */ = {isa = PBXBuildFile; fileRef = BD9B38452915537E00B6B042 /* Cities.txt */; };
		BD9B386F2915537F00B6B042 /* Space.txt in Resources */ = {isa = PBXBuildFile; fileRef = BD9B38462915537E00B6B042 /* Space.txt */; };
		BD9B38702915537F00B6B042 /* Countries.txt in Resources */ = {isa = PBXBuildFile; fileRef = BD9B38472915537F00B6B042 /* Countries.txt */; };
		BD9B38712915537F00B6B042 /* Christmas.txt in Resources */ = {isa = PBXBuildFile; fileRef = BD9B38482915537F00B6B042 /* Christmas.txt */; };
		BD9B38722915537F00B6B042 /* Apps.txt in Resources */ = {isa = PBXBuildFile; fileRef = BD9B38492915537F00B6B042 /* Apps.txt */; };
		BD9B38732915537F00B6B042 /* Materials.txt in Resources */ = {isa = PBXBuildFile; fileRef = BD9B384A2915537F00B6B042 /* Materials.txt */; };
		BD9B38742915537F00B6B042 /* Time Periods.txt in Resources */ = {isa = PBXBuildFile; fileRef = BD9B384B2915537F00B6B042 /* Time Periods.txt */; };
		BD9B38752915537F00B6B042 /* Tools.txt in Resources */ = {isa = PBXBuildFile; fileRef = BD9B384C2915537F00B6B042 /* Tools.txt */; };
		BD9B38762915537F00B6B042 /* Weather.txt in Resources */ = {isa = PBXBuildFile; fileRef = BD9B384D2915537F00B6B042 /* Weather.txt */; };
		BD9B38772915537F00B6B042 /* Home Items.txt in Resources */ = {isa = PBXBuildFile; fileRef = BD9B384E2915537F00B6B042 /* Home Items.txt */; };
		BD9B38782915537F00B6B042 /* Body Parts.txt in Resources */ = {isa = PBXBuildFile; fileRef = BD9B384F2915537F00B6B042 /* Body Parts.txt */; };
		BD9B387A2915537F00B6B042 /* Stationery.txt in Resources */ = {isa = PBXBuildFile; fileRef = BD9B38512915537F00B6B042 /* Stationery.txt */; };
		BD9B387B2915537F00B6B042 /* Games.txt in Resources */ = {isa = PBXBuildFile; fileRef = BD9B38522915537F00B6B042 /* Games.txt */; };
		BD9B387C2915537F00B6B042 /* Romance.txt in Resources */ = {isa = PBXBuildFile; fileRef = BD9B38532915537F00B6B042 /* Romance.txt */; };
		BD9B387E291553C600B6B042 /* Other Extensions.swift in Sources */ = {isa = PBXBuildFile; fileRef = BD9B387D291553C500B6B042 /* Other Extensions.swift */; };
		BD9B388029155AB800B6B042 /* Index.txt in Resources */ = {isa = PBXBuildFile; fileRef = BD9B387F29155AB800B6B042 /* Index.txt */; };
		BD9B38822915A7E400B6B042 /* QuestionView.swift in Sources */ = {isa = PBXBuildFile; fileRef = BD9B38812915A7E400B6B042 /* QuestionView.swift */; };
		BDA7794929200FC40032EB52 /* StatisticsView.swift in Sources */ = {isa = PBXBuildFile; fileRef = BDA7794829200FC40032EB52 /* StatisticsView.swift */; };
		BDA7794B292019810032EB52 /* SettingsView.swift in Sources */ = {isa = PBXBuildFile; fileRef = BDA7794A292019810032EB52 /* SettingsView.swift */; };
		BDC66B2F2B85A6BF00DAB22C /* StoredBoolean.swift in Sources */ = {isa = PBXBuildFile; fileRef = BDC66B2E2B85A6BF00DAB22C /* StoredBoolean.swift */; };
		BDC66B312B85B40700DAB22C /* CategoryCardView.swift in Sources */ = {isa = PBXBuildFile; fileRef = BDC66B302B85B40700DAB22C /* CategoryCardView.swift */; };
		BDC66B332B85B43300DAB22C /* CategoryGridButton.swift in Sources */ = {isa = PBXBuildFile; fileRef = BDC66B322B85B43300DAB22C /* CategoryGridButton.swift */; };
		BDC66B362B8741C000DAB22C /* StreakRestorationView.swift in Sources */ = {isa = PBXBuildFile; fileRef = BDC66B352B8741C000DAB22C /* StreakRestorationView.swift */; };
		BDC73FA92B7B7114001432AB /* MainMenuModel.swift in Sources */ = {isa = PBXBuildFile; fileRef = BDC73FA82B7B7114001432AB /* MainMenuModel.swift */; };
		BDC73FAB2B7B735B001432AB /* Category.swift in Sources */ = {isa = PBXBuildFile; fileRef = BDC73FAA2B7B735B001432AB /* Category.swift */; };
		BDC73FAD2B7B735F001432AB /* Puzzle.swift in Sources */ = {isa = PBXBuildFile; fileRef = BDC73FAC2B7B735F001432AB /* Puzzle.swift */; };
		BDC73FAF2B7B7366001432AB /* Question.swift in Sources */ = {isa = PBXBuildFile; fileRef = BDC73FAE2B7B7366001432AB /* Question.swift */; };
		BDC73FB12B7CCAD6001432AB /* Array+.swift in Sources */ = {isa = PBXBuildFile; fileRef = BDC73FB02B7CCAD6001432AB /* Array+.swift */; };
		BDC73FB32B7CCBB7001432AB /* SeededRandomNumberGenerator.swift in Sources */ = {isa = PBXBuildFile; fileRef = BDC73FB22B7CCBB7001432AB /* SeededRandomNumberGenerator.swift */; };
		BDC73FB52B7CD021001432AB /* GameModel.swift in Sources */ = {isa = PBXBuildFile; fileRef = BDC73FB42B7CD021001432AB /* GameModel.swift */; };
		BDC73FB92B7CD0D9001432AB /* GameView.swift in Sources */ = {isa = PBXBuildFile; fileRef = BDC73FB82B7CD0D9001432AB /* GameView.swift */; };
		BDC73FBB2B7CD49B001432AB /* PuzzleView.swift in Sources */ = {isa = PBXBuildFile; fileRef = BDC73FBA2B7CD49B001432AB /* PuzzleView.swift */; };
		BDC73FBD2B7CD553001432AB /* PuzzleViewCaption.swift in Sources */ = {isa = PBXBuildFile; fileRef = BDC73FBC2B7CD553001432AB /* PuzzleViewCaption.swift */; };
		BDC73FBF2B7CD621001432AB /* PuzzleViewInputField.swift in Sources */ = {isa = PBXBuildFile; fileRef = BDC73FBE2B7CD621001432AB /* PuzzleViewInputField.swift */; };
		BDC73FC12B7CD890001432AB /* PuzzleViewTopBar.swift in Sources */ = {isa = PBXBuildFile; fileRef = BDC73FC02B7CD890001432AB /* PuzzleViewTopBar.swift */; };
		BDC73FC32B7DFF33001432AB /* MenuAction.swift in Sources */ = {isa = PBXBuildFile; fileRef = BDC73FC22B7DFF33001432AB /* MenuAction.swift */; };
		BDC73FC52B7E012D001432AB /* CompleteView.swift in Sources */ = {isa = PBXBuildFile; fileRef = BDC73FC42B7E012D001432AB /* CompleteView.swift */; };
		BDC73FC92B7E09AF001432AB /* MainMenuItemView.swift in Sources */ = {isa = PBXBuildFile; fileRef = BDC73FC82B7E09AF001432AB /* MainMenuItemView.swift */; };
		BDC73FDA2B80DC1E001432AB /* PanelButton.swift in Sources */ = {isa = PBXBuildFile; fileRef = BDC73FD92B80DC1E001432AB /* PanelButton.swift */; };
		BDC73FE62B81C455001432AB /* StatisticRowView.swift in Sources */ = {isa = PBXBuildFile; fileRef = BDC73FE52B81C455001432AB /* StatisticRowView.swift */; };
		BDC73FEB2B823045001432AB /* CategoryInputField.swift in Sources */ = {isa = PBXBuildFile; fileRef = BDC73FEA2B823045001432AB /* CategoryInputField.swift */; };
		BDC73FED2B8230D8001432AB /* CategoryViewModel.swift in Sources */ = {isa = PBXBuildFile; fileRef = BDC73FEC2B8230D8001432AB /* CategoryViewModel.swift */; };
		BDE9E2082925427F008577DF /* Cooking.txt in Resources */ = {isa = PBXBuildFile; fileRef = BDE9E2072925427F008577DF /* Cooking.txt */; };
		BDE9E20A2925511D008577DF /* EmailManager.swift in Sources */ = {isa = PBXBuildFile; fileRef = BDE9E2092925511D008577DF /* EmailManager.swift */; };
		BDEE3F9B2919870200DD65B2 /* InstructionsView.swift in Sources */ = {isa = PBXBuildFile; fileRef = BDEE3F9A2919870200DD65B2 /* InstructionsView.swift */; };
		BDEE3F9F2919929800DD65B2 /* YesterdaysAnswersView.swift in Sources */ = {isa = PBXBuildFile; fileRef = BDEE3F9E2919929800DD65B2 /* YesterdaysAnswersView.swift */; };
		BDEE3FA12919C56100DD65B2 /* View+Transitions.swift in Sources */ = {isa = PBXBuildFile; fileRef = BDEE3FA02919C56100DD65B2 /* View+Transitions.swift */; };
/* End PBXBuildFile section */

/* Begin PBXCopyFilesBuildPhase section */
		BD8461E92937E43700451323 /* Embed Foundation Extensions */ = {
			isa = PBXCopyFilesBuildPhase;
			buildActionMask = 2147483647;
			dstPath = "";
			dstSubfolderSpec = 13;
			files = (
			);
			name = "Embed Foundation Extensions";
			runOnlyForDeploymentPostprocessing = 0;
		};
/* End PBXCopyFilesBuildPhase section */

/* Begin PBXFileReference section */
		BD1CA63E2B84C45F0088B3D2 /* View+Icon.swift */ = {isa = PBXFileReference; lastKnownFileType = sourcecode.swift; path = "View+Icon.swift"; sourceTree = "<group>"; };
		BD1CA6412B84D6180088B3D2 /* Date+Seed.swift */ = {isa = PBXFileReference; lastKnownFileType = sourcecode.swift; path = "Date+Seed.swift"; sourceTree = "<group>"; };
		BD1CA6432B84D67D0088B3D2 /* Calendar+DaysBetween.swift */ = {isa = PBXFileReference; lastKnownFileType = sourcecode.swift; path = "Calendar+DaysBetween.swift"; sourceTree = "<group>"; };
		BD1CA6452B84D6AD0088B3D2 /* Bundle+CategoryDecoding.swift */ = {isa = PBXFileReference; lastKnownFileType = sourcecode.swift; path = "Bundle+CategoryDecoding.swift"; sourceTree = "<group>"; };
		BD1CA6472B84D7890088B3D2 /* Haptics.swift */ = {isa = PBXFileReference; lastKnownFileType = sourcecode.swift; path = Haptics.swift; sourceTree = "<group>"; };
		BD36CB9B2926577800BC93E2 /* UnlockManager.swift */ = {isa = PBXFileReference; lastKnownFileType = sourcecode.swift; path = UnlockManager.swift; sourceTree = "<group>"; };
		BD36CB9E29265A8C00BC93E2 /* StoreKit.framework */ = {isa = PBXFileReference; lastKnownFileType = wrapper.framework; name = StoreKit.framework; path = System/Library/Frameworks/StoreKit.framework; sourceTree = SDKROOT; };
		BD36CBA0292675F600BC93E2 /* FullUnlockView.swift */ = {isa = PBXFileReference; lastKnownFileType = sourcecode.swift; path = FullUnlockView.swift; sourceTree = "<group>"; };
		BD36CBA22926768300BC93E2 /* InAppPurchaseView.swift */ = {isa = PBXFileReference; lastKnownFileType = sourcecode.swift; path = InAppPurchaseView.swift; sourceTree = "<group>"; };
		BD44D89C2932629D009130D3 /* StoredInteger.swift */ = {isa = PBXFileReference; lastKnownFileType = sourcecode.swift; path = StoredInteger.swift; sourceTree = "<group>"; };
		BD44D89E293262B4009130D3 /* Statistics.swift */ = {isa = PBXFileReference; lastKnownFileType = sourcecode.swift; path = Statistics.swift; sourceTree = "<group>"; };
		BD44D8A0293262C3009130D3 /* Settings.swift */ = {isa = PBXFileReference; lastKnownFileType = sourcecode.swift; path = Settings.swift; sourceTree = "<group>"; };
		BD4DD59D29DF45A4008669D1 /* DebugView.swift */ = {isa = PBXFileReference; lastKnownFileType = sourcecode.swift; path = DebugView.swift; sourceTree = "<group>"; };
		BD559BCE2B9438030044583C /* FullUnlockRowView.swift */ = {isa = PBXFileReference; lastKnownFileType = sourcecode.swift; path = FullUnlockRowView.swift; sourceTree = "<group>"; };
		BD8461D22937E43400451323 /* WidgetKit.framework */ = {isa = PBXFileReference; lastKnownFileType = wrapper.framework; name = WidgetKit.framework; path = System/Library/Frameworks/WidgetKit.framework; sourceTree = SDKROOT; };
		BD8461D42937E43400451323 /* SwiftUI.framework */ = {isa = PBXFileReference; lastKnownFileType = wrapper.framework; name = SwiftUI.framework; path = System/Library/Frameworks/SwiftUI.framework; sourceTree = SDKROOT; };
		BD8461EC2937E70D00451323 /* DomingoEngine.swift */ = {isa = PBXFileReference; lastKnownFileType = sourcecode.swift; path = DomingoEngine.swift; sourceTree = "<group>"; };
		BD8575FE29144789003D4D47 /* Wordout.app */ = {isa = PBXFileReference; explicitFileType = wrapper.application; includeInIndex = 0; path = Wordout.app; sourceTree = BUILT_PRODUCTS_DIR; };
		BD85760129144789003D4D47 /* WordoutApp.swift */ = {isa = PBXFileReference; lastKnownFileType = sourcecode.swift; path = WordoutApp.swift; sourceTree = "<group>"; };
		BD85760329144789003D4D47 /* ContentView.swift */ = {isa = PBXFileReference; lastKnownFileType = sourcecode.swift; path = ContentView.swift; sourceTree = "<group>"; };
		BD8576052914478B003D4D47 /* Assets.xcassets */ = {isa = PBXFileReference; lastKnownFileType = folder.assetcatalog; path = Assets.xcassets; sourceTree = "<group>"; };
		BD8576082914478B003D4D47 /* Preview Assets.xcassets */ = {isa = PBXFileReference; lastKnownFileType = folder.assetcatalog; path = "Preview Assets.xcassets"; sourceTree = "<group>"; };
		BD85760F291447D0003D4D47 /* MainMenuView.swift */ = {isa = PBXFileReference; lastKnownFileType = sourcecode.swift; path = MainMenuView.swift; sourceTree = "<group>"; };
		BD857611291447FA003D4D47 /* WelcomeView.swift */ = {isa = PBXFileReference; lastKnownFileType = sourcecode.swift; path = WelcomeView.swift; sourceTree = "<group>"; };
		BD85761729144828003D4D47 /* CategoriesView.swift */ = {isa = PBXFileReference; lastKnownFileType = sourcecode.swift; path = CategoriesView.swift; sourceTree = "<group>"; };
		BD8576192914482F003D4D47 /* CategoryView.swift */ = {isa = PBXFileReference; lastKnownFileType = sourcecode.swift; path = CategoryView.swift; sourceTree = "<group>"; };
		BD9B382B2915537E00B6B042 /* Vehicles.txt */ = {isa = PBXFileReference; fileEncoding = 4; lastKnownFileType = text; path = Vehicles.txt; sourceTree = "<group>"; };
		BD9B382C2915537E00B6B042 /* Containers.txt */ = {isa = PBXFileReference; fileEncoding = 4; lastKnownFileType = text; path = Containers.txt; sourceTree = "<group>"; };
		BD9B382D2915537E00B6B042 /* Drinks.txt */ = {isa = PBXFileReference; fileEncoding = 4; lastKnownFileType = text; path = Drinks.txt; sourceTree = "<group>"; };
		BD9B382E2915537E00B6B042 /* Animals.txt */ = {isa = PBXFileReference; fileEncoding = 4; lastKnownFileType = text; path = Animals.txt; sourceTree = "<group>"; };
		BD9B382F2915537E00B6B042 /* Food.txt */ = {isa = PBXFileReference; fileEncoding = 4; lastKnownFileType = text; path = Food.txt; sourceTree = "<group>"; };
		BD9B38302915537E00B6B042 /* Books.txt */ = {isa = PBXFileReference; fileEncoding = 4; lastKnownFileType = text; path = Books.txt; sourceTree = "<group>"; };
		BD9B38312915537E00B6B042 /* Colours.txt */ = {isa = PBXFileReference; fileEncoding = 4; lastKnownFileType = text; path = Colours.txt; sourceTree = "<group>"; };
		BD9B38322915537E00B6B042 /* Units.txt */ = {isa = PBXFileReference; fileEncoding = 4; lastKnownFileType = text; path = Units.txt; sourceTree = "<group>"; };
		BD9B38332915537E00B6B042 /* Weapons.txt */ = {isa = PBXFileReference; fileEncoding = 4; lastKnownFileType = text; path = Weapons.txt; sourceTree = "<group>"; };
		BD9B38342915537E00B6B042 /* Water.txt */ = {isa = PBXFileReference; fileEncoding = 4; lastKnownFileType = text; path = Water.txt; sourceTree = "<group>"; };
		BD9B38352915537E00B6B042 /* Sport.txt */ = {isa = PBXFileReference; fileEncoding = 4; lastKnownFileType = text; path = Sport.txt; sourceTree = "<group>"; };
		BD9B38362915537E00B6B042 /* Trees.txt */ = {isa = PBXFileReference; fileEncoding = 4; lastKnownFileType = text; path = Trees.txt; sourceTree = "<group>"; };
		BD9B38372915537E00B6B042 /* Companies.txt */ = {isa = PBXFileReference; fileEncoding = 4; lastKnownFileType = text; path = Companies.txt; sourceTree = "<group>"; };
		BD9B38382915537E00B6B042 /* Maths.txt */ = {isa = PBXFileReference; fileEncoding = 4; lastKnownFileType = text; path = Maths.txt; sourceTree = "<group>"; };
		BD9B38392915537E00B6B042 /* Buildings.txt */ = {isa = PBXFileReference; fileEncoding = 4; lastKnownFileType = text; path = Buildings.txt; sourceTree = "<group>"; };
		BD9B383A2915537E00B6B042 /* Titles.txt */ = {isa = PBXFileReference; fileEncoding = 4; lastKnownFileType = text; path = Titles.txt; sourceTree = "<group>"; };
		BD9B383B2915537E00B6B042 /* Chemistry.txt */ = {isa = PBXFileReference; fileEncoding = 4; lastKnownFileType = text; path = Chemistry.txt; sourceTree = "<group>"; };
		BD9B383D2915537E00B6B042 /* Music.txt */ = {isa = PBXFileReference; fileEncoding = 4; lastKnownFileType = text; path = Music.txt; sourceTree = "<group>"; };
		BD9B383E2915537E00B6B042 /* Jobs.txt */ = {isa = PBXFileReference; fileEncoding = 4; lastKnownFileType = text; path = Jobs.txt; sourceTree = "<group>"; };
		BD9B383F2915537E00B6B042 /* Nature.txt */ = {isa = PBXFileReference; fileEncoding = 4; lastKnownFileType = text; path = Nature.txt; sourceTree = "<group>"; };
		BD9B38402915537E00B6B042 /* Clothing.txt */ = {isa = PBXFileReference; fileEncoding = 4; lastKnownFileType = text; path = Clothing.txt; sourceTree = "<group>"; };
		BD9B38412915537E00B6B042 /* Family.txt */ = {isa = PBXFileReference; fileEncoding = 4; lastKnownFileType = text; path = Family.txt; sourceTree = "<group>"; };
		BD9B38422915537E00B6B042 /* Kitchen Utensils.txt */ = {isa = PBXFileReference; fileEncoding = 4; lastKnownFileType = text; path = "Kitchen Utensils.txt"; sourceTree = "<group>"; };
		BD9B38452915537E00B6B042 /* Cities.txt */ = {isa = PBXFileReference; fileEncoding = 4; lastKnownFileType = text; path = Cities.txt; sourceTree = "<group>"; };
		BD9B38462915537E00B6B042 /* Space.txt */ = {isa = PBXFileReference; fileEncoding = 4; lastKnownFileType = text; path = Space.txt; sourceTree = "<group>"; };
		BD9B38472915537F00B6B042 /* Countries.txt */ = {isa = PBXFileReference; fileEncoding = 4; lastKnownFileType = text; path = Countries.txt; sourceTree = "<group>"; };
		BD9B38482915537F00B6B042 /* Christmas.txt */ = {isa = PBXFileReference; fileEncoding = 4; lastKnownFileType = text; path = Christmas.txt; sourceTree = "<group>"; };
		BD9B38492915537F00B6B042 /* Apps.txt */ = {isa = PBXFileReference; fileEncoding = 4; lastKnownFileType = text; path = Apps.txt; sourceTree = "<group>"; };
		BD9B384A2915537F00B6B042 /* Materials.txt */ = {isa = PBXFileReference; fileEncoding = 4; lastKnownFileType = text; path = Materials.txt; sourceTree = "<group>"; };
		BD9B384B2915537F00B6B042 /* Time Periods.txt */ = {isa = PBXFileReference; fileEncoding = 4; lastKnownFileType = text; path = "Time Periods.txt"; sourceTree = "<group>"; };
		BD9B384C2915537F00B6B042 /* Tools.txt */ = {isa = PBXFileReference; fileEncoding = 4; lastKnownFileType = text; path = Tools.txt; sourceTree = "<group>"; };
		BD9B384D2915537F00B6B042 /* Weather.txt */ = {isa = PBXFileReference; fileEncoding = 4; lastKnownFileType = text; path = Weather.txt; sourceTree = "<group>"; };
		BD9B384E2915537F00B6B042 /* Home Items.txt */ = {isa = PBXFileReference; fileEncoding = 4; lastKnownFileType = text; path = "Home Items.txt"; sourceTree = "<group>"; };
		BD9B384F2915537F00B6B042 /* Body Parts.txt */ = {isa = PBXFileReference; fileEncoding = 4; lastKnownFileType = text; path = "Body Parts.txt"; sourceTree = "<group>"; };
		BD9B38512915537F00B6B042 /* Stationery.txt */ = {isa = PBXFileReference; fileEncoding = 4; lastKnownFileType = text; path = Stationery.txt; sourceTree = "<group>"; };
		BD9B38522915537F00B6B042 /* Games.txt */ = {isa = PBXFileReference; fileEncoding = 4; lastKnownFileType = text; path = Games.txt; sourceTree = "<group>"; };
		BD9B38532915537F00B6B042 /* Romance.txt */ = {isa = PBXFileReference; fileEncoding = 4; lastKnownFileType = text; path = Romance.txt; sourceTree = "<group>"; };
		BD9B387D291553C500B6B042 /* Other Extensions.swift */ = {isa = PBXFileReference; lastKnownFileType = sourcecode.swift; path = "Other Extensions.swift"; sourceTree = "<group>"; };
		BD9B387F29155AB800B6B042 /* Index.txt */ = {isa = PBXFileReference; fileEncoding = 4; lastKnownFileType = text; path = Index.txt; sourceTree = "<group>"; };
		BD9B38812915A7E400B6B042 /* QuestionView.swift */ = {isa = PBXFileReference; lastKnownFileType = sourcecode.swift; path = QuestionView.swift; sourceTree = "<group>"; };
		BDA7794829200FC40032EB52 /* StatisticsView.swift */ = {isa = PBXFileReference; lastKnownFileType = sourcecode.swift; path = StatisticsView.swift; sourceTree = "<group>"; };
		BDA7794A292019810032EB52 /* SettingsView.swift */ = {isa = PBXFileReference; lastKnownFileType = sourcecode.swift; path = SettingsView.swift; sourceTree = "<group>"; };
		BDA8FED8292D1B02003F2336 /* Info.plist */ = {isa = PBXFileReference; lastKnownFileType = text.plist; path = Info.plist; sourceTree = "<group>"; };
		BDC66B2E2B85A6BF00DAB22C /* StoredBoolean.swift */ = {isa = PBXFileReference; lastKnownFileType = sourcecode.swift; path = StoredBoolean.swift; sourceTree = "<group>"; };
		BDC66B302B85B40700DAB22C /* CategoryCardView.swift */ = {isa = PBXFileReference; lastKnownFileType = sourcecode.swift; path = CategoryCardView.swift; sourceTree = "<group>"; };
		BDC66B322B85B43300DAB22C /* CategoryGridButton.swift */ = {isa = PBXFileReference; lastKnownFileType = sourcecode.swift; path = CategoryGridButton.swift; sourceTree = "<group>"; };
		BDC66B352B8741C000DAB22C /* StreakRestorationView.swift */ = {isa = PBXFileReference; lastKnownFileType = sourcecode.swift; path = StreakRestorationView.swift; sourceTree = "<group>"; };
		BDC73FA82B7B7114001432AB /* MainMenuModel.swift */ = {isa = PBXFileReference; lastKnownFileType = sourcecode.swift; path = MainMenuModel.swift; sourceTree = "<group>"; };
		BDC73FAA2B7B735B001432AB /* Category.swift */ = {isa = PBXFileReference; lastKnownFileType = sourcecode.swift; path = Category.swift; sourceTree = "<group>"; };
		BDC73FAC2B7B735F001432AB /* Puzzle.swift */ = {isa = PBXFileReference; lastKnownFileType = sourcecode.swift; path = Puzzle.swift; sourceTree = "<group>"; };
		BDC73FAE2B7B7366001432AB /* Question.swift */ = {isa = PBXFileReference; lastKnownFileType = sourcecode.swift; path = Question.swift; sourceTree = "<group>"; };
		BDC73FB02B7CCAD6001432AB /* Array+.swift */ = {isa = PBXFileReference; lastKnownFileType = sourcecode.swift; path = "Array+.swift"; sourceTree = "<group>"; };
		BDC73FB22B7CCBB7001432AB /* SeededRandomNumberGenerator.swift */ = {isa = PBXFileReference; lastKnownFileType = sourcecode.swift; path = SeededRandomNumberGenerator.swift; sourceTree = "<group>"; };
		BDC73FB42B7CD021001432AB /* GameModel.swift */ = {isa = PBXFileReference; lastKnownFileType = sourcecode.swift; path = GameModel.swift; sourceTree = "<group>"; };
		BDC73FB82B7CD0D9001432AB /* GameView.swift */ = {isa = PBXFileReference; lastKnownFileType = sourcecode.swift; path = GameView.swift; sourceTree = "<group>"; };
		BDC73FBA2B7CD49B001432AB /* PuzzleView.swift */ = {isa = PBXFileReference; lastKnownFileType = sourcecode.swift; path = PuzzleView.swift; sourceTree = "<group>"; };
		BDC73FBC2B7CD553001432AB /* PuzzleViewCaption.swift */ = {isa = PBXFileReference; lastKnownFileType = sourcecode.swift; path = PuzzleViewCaption.swift; sourceTree = "<group>"; };
		BDC73FBE2B7CD621001432AB /* PuzzleViewInputField.swift */ = {isa = PBXFileReference; lastKnownFileType = sourcecode.swift; path = PuzzleViewInputField.swift; sourceTree = "<group>"; };
		BDC73FC02B7CD890001432AB /* PuzzleViewTopBar.swift */ = {isa = PBXFileReference; lastKnownFileType = sourcecode.swift; path = PuzzleViewTopBar.swift; sourceTree = "<group>"; };
		BDC73FC22B7DFF33001432AB /* MenuAction.swift */ = {isa = PBXFileReference; lastKnownFileType = sourcecode.swift; path = MenuAction.swift; sourceTree = "<group>"; };
		BDC73FC42B7E012D001432AB /* CompleteView.swift */ = {isa = PBXFileReference; lastKnownFileType = sourcecode.swift; path = CompleteView.swift; sourceTree = "<group>"; };
		BDC73FC82B7E09AF001432AB /* MainMenuItemView.swift */ = {isa = PBXFileReference; lastKnownFileType = sourcecode.swift; path = MainMenuItemView.swift; sourceTree = "<group>"; };
		BDC73FD92B80DC1E001432AB /* PanelButton.swift */ = {isa = PBXFileReference; lastKnownFileType = sourcecode.swift; path = PanelButton.swift; sourceTree = "<group>"; };
		BDC73FE52B81C455001432AB /* StatisticRowView.swift */ = {isa = PBXFileReference; lastKnownFileType = sourcecode.swift; path = StatisticRowView.swift; sourceTree = "<group>"; };
		BDC73FEA2B823045001432AB /* CategoryInputField.swift */ = {isa = PBXFileReference; lastKnownFileType = sourcecode.swift; path = CategoryInputField.swift; sourceTree = "<group>"; };
		BDC73FEC2B8230D8001432AB /* CategoryViewModel.swift */ = {isa = PBXFileReference; lastKnownFileType = sourcecode.swift; path = CategoryViewModel.swift; sourceTree = "<group>"; };
		BDE9E2072925427F008577DF /* Cooking.txt */ = {isa = PBXFileReference; fileEncoding = 4; lastKnownFileType = text; path = Cooking.txt; sourceTree = "<group>"; };
		BDE9E2092925511D008577DF /* EmailManager.swift */ = {isa = PBXFileReference; lastKnownFileType = sourcecode.swift; path = EmailManager.swift; sourceTree = "<group>"; };
		BDEE3F9A2919870200DD65B2 /* InstructionsView.swift */ = {isa = PBXFileReference; lastKnownFileType = sourcecode.swift; path = InstructionsView.swift; sourceTree = "<group>"; };
		BDEE3F9E2919929800DD65B2 /* YesterdaysAnswersView.swift */ = {isa = PBXFileReference; lastKnownFileType = sourcecode.swift; path = YesterdaysAnswersView.swift; sourceTree = "<group>"; };
		BDEE3FA02919C56100DD65B2 /* View+Transitions.swift */ = {isa = PBXFileReference; lastKnownFileType = sourcecode.swift; path = "View+Transitions.swift"; sourceTree = "<group>"; };
/* End PBXFileReference section */

/* Begin PBXFrameworksBuildPhase section */
		BD8575FB29144789003D4D47 /* Frameworks */ = {
			isa = PBXFrameworksBuildPhase;
			buildActionMask = 2147483647;
			files = (
				BD36CB9F29265A8C00BC93E2 /* StoreKit.framework in Frameworks */,
			);
			runOnlyForDeploymentPostprocessing = 0;
		};
/* End PBXFrameworksBuildPhase section */

/* Begin PBXGroup section */
		BD1CA6402B84D5FE0088B3D2 /* Other */ = {
			isa = PBXGroup;
			children = (
				BDC73FB02B7CCAD6001432AB /* Array+.swift */,
				BD1CA6452B84D6AD0088B3D2 /* Bundle+CategoryDecoding.swift */,
				BD1CA6432B84D67D0088B3D2 /* Calendar+DaysBetween.swift */,
				BD1CA6412B84D6180088B3D2 /* Date+Seed.swift */,
				BDEE3FA02919C56100DD65B2 /* View+Transitions.swift */,
				BD1CA63E2B84C45F0088B3D2 /* View+Icon.swift */,
				BDE9E2092925511D008577DF /* EmailManager.swift */,
				BDC73FB22B7CCBB7001432AB /* SeededRandomNumberGenerator.swift */,
				BD9B387D291553C500B6B042 /* Other Extensions.swift */,
				BD1CA6472B84D7890088B3D2 /* Haptics.swift */,
			);
			path = Other;
			sourceTree = "<group>";
		};
		BD36CB9D29265A8C00BC93E2 /* Frameworks */ = {
			isa = PBXGroup;
			children = (
				BD36CB9E29265A8C00BC93E2 /* StoreKit.framework */,
				BD8461D22937E43400451323 /* WidgetKit.framework */,
				BD8461D42937E43400451323 /* SwiftUI.framework */,
			);
			name = Frameworks;
			sourceTree = "<group>";
		};
		BD8575F529144789003D4D47 = {
			isa = PBXGroup;
			children = (
				BD85760029144789003D4D47 /* Wordout */,
				BD8575FF29144789003D4D47 /* Products */,
				BD36CB9D29265A8C00BC93E2 /* Frameworks */,
			);
			sourceTree = "<group>";
		};
		BD8575FF29144789003D4D47 /* Products */ = {
			isa = PBXGroup;
			children = (
				BD8575FE29144789003D4D47 /* Wordout.app */,
			);
			name = Products;
			sourceTree = "<group>";
		};
		BD85760029144789003D4D47 /* Wordout */ = {
			isa = PBXGroup;
			children = (
				BDA8FED8292D1B02003F2336 /* Info.plist */,
				BD85760129144789003D4D47 /* WordoutApp.swift */,
				BDC73FDB2B81C05E001432AB /* Structure */,
				BDC73FDC2B81C099001432AB /* Main Menu */,
				BDC73FDD2B81C0D3001432AB /* Game */,
				BDC73FEF2B8466D5001432AB /* Categories */,
				BDC73FE72B81C4B6001432AB /* Statistics */,
				BDC73FF02B846710001432AB /* Settings */,
				BDC66B342B87406000DAB22C /* In-App Purchases */,
				BD1CA6402B84D5FE0088B3D2 /* Other */,
				BD9B382A29154DFC00B6B042 /* Puzzle Data */,
				BD8576052914478B003D4D47 /* Assets.xcassets */,
				BD8576072914478B003D4D47 /* Preview Content */,
			);
			path = Wordout;
			sourceTree = "<group>";
		};
		BD8576072914478B003D4D47 /* Preview Content */ = {
			isa = PBXGroup;
			children = (
				BD8576082914478B003D4D47 /* Preview Assets.xcassets */,
			);
			path = "Preview Content";
			sourceTree = "<group>";
		};
		BD9B382A29154DFC00B6B042 /* Puzzle Data */ = {
			isa = PBXGroup;
			children = (
				BDE9E2022923F0A5008577DF /* Other */,
				BD9B387F29155AB800B6B042 /* Index.txt */,
				BD9B382E2915537E00B6B042 /* Animals.txt */,
				BDE9E2072925427F008577DF /* Cooking.txt */,
				BD9B38522915537F00B6B042 /* Games.txt */,
				BD9B38342915537E00B6B042 /* Water.txt */,
				BD9B384F2915537F00B6B042 /* Body Parts.txt */,
				BD9B38302915537E00B6B042 /* Books.txt */,
				BD9B38392915537E00B6B042 /* Buildings.txt */,
				BD9B383B2915537E00B6B042 /* Chemistry.txt */,
				BD9B38482915537F00B6B042 /* Christmas.txt */,
				BD9B38452915537E00B6B042 /* Cities.txt */,
				BD9B38402915537E00B6B042 /* Clothing.txt */,
				BD9B38312915537E00B6B042 /* Colours.txt */,
				BD9B38372915537E00B6B042 /* Companies.txt */,
				BD9B382C2915537E00B6B042 /* Containers.txt */,
				BD9B38472915537F00B6B042 /* Countries.txt */,
				BD9B382D2915537E00B6B042 /* Drinks.txt */,
				BD9B38412915537E00B6B042 /* Family.txt */,
				BD9B382F2915537E00B6B042 /* Food.txt */,
				BD9B384E2915537F00B6B042 /* Home Items.txt */,
				BD9B38322915537E00B6B042 /* Units.txt */,
				BD9B384A2915537F00B6B042 /* Materials.txt */,
				BD9B383D2915537E00B6B042 /* Music.txt */,
				BD9B383F2915537E00B6B042 /* Nature.txt */,
				BD9B38382915537E00B6B042 /* Maths.txt */,
				BD9B38532915537F00B6B042 /* Romance.txt */,
				BD9B38462915537E00B6B042 /* Space.txt */,
				BD9B38352915537E00B6B042 /* Sport.txt */,
				BD9B383A2915537E00B6B042 /* Titles.txt */,
				BD9B384C2915537F00B6B042 /* Tools.txt */,
				BD9B38362915537E00B6B042 /* Trees.txt */,
				BD9B382B2915537E00B6B042 /* Vehicles.txt */,
				BD9B384D2915537F00B6B042 /* Weather.txt */,
			);
			path = "Puzzle Data";
			sourceTree = "<group>";
		};
		BDC66B342B87406000DAB22C /* In-App Purchases */ = {
			isa = PBXGroup;
			children = (
				BD36CB9B2926577800BC93E2 /* UnlockManager.swift */,
				BD36CBA22926768300BC93E2 /* InAppPurchaseView.swift */,
				BD36CBA0292675F600BC93E2 /* FullUnlockView.swift */,
				BD559BCE2B9438030044583C /* FullUnlockRowView.swift */,
			);
			path = "In-App Purchases";
			sourceTree = "<group>";
		};
		BDC73FDB2B81C05E001432AB /* Structure */ = {
			isa = PBXGroup;
			children = (
				BDC73FAA2B7B735B001432AB /* Category.swift */,
				BDC73FAE2B7B7366001432AB /* Question.swift */,
				BDC73FAC2B7B735F001432AB /* Puzzle.swift */,
				BD8461EC2937E70D00451323 /* DomingoEngine.swift */,
				BDC73FC22B7DFF33001432AB /* MenuAction.swift */,
			);
			path = Structure;
			sourceTree = "<group>";
		};
		BDC73FDC2B81C099001432AB /* Main Menu */ = {
			isa = PBXGroup;
			children = (
				BDC73FA82B7B7114001432AB /* MainMenuModel.swift */,
				BD85760329144789003D4D47 /* ContentView.swift */,
				BD85760F291447D0003D4D47 /* MainMenuView.swift */,
				BDC73FC82B7E09AF001432AB /* MainMenuItemView.swift */,
			);
			path = "Main Menu";
			sourceTree = "<group>";
		};
		BDC73FDD2B81C0D3001432AB /* Game */ = {
			isa = PBXGroup;
			children = (
				BDC73FB42B7CD021001432AB /* GameModel.swift */,
				BDC73FB82B7CD0D9001432AB /* GameView.swift */,
				BD857611291447FA003D4D47 /* WelcomeView.swift */,
				BDC73FBA2B7CD49B001432AB /* PuzzleView.swift */,
				BDC73FC02B7CD890001432AB /* PuzzleViewTopBar.swift */,
				BDC73FBC2B7CD553001432AB /* PuzzleViewCaption.swift */,
				BDC73FBE2B7CD621001432AB /* PuzzleViewInputField.swift */,
				BDEE3F9A2919870200DD65B2 /* InstructionsView.swift */,
				BDEE3F9E2919929800DD65B2 /* YesterdaysAnswersView.swift */,
				BD9B38812915A7E400B6B042 /* QuestionView.swift */,
				BDC73FC42B7E012D001432AB /* CompleteView.swift */,
				BDC73FD92B80DC1E001432AB /* PanelButton.swift */,
			);
			path = Game;
			sourceTree = "<group>";
		};
		BDC73FE72B81C4B6001432AB /* Statistics */ = {
			isa = PBXGroup;
			children = (
				BD44D89E293262B4009130D3 /* Statistics.swift */,
				BD44D89C2932629D009130D3 /* StoredInteger.swift */,
				BDC66B2E2B85A6BF00DAB22C /* StoredBoolean.swift */,
				BDA7794829200FC40032EB52 /* StatisticsView.swift */,
				BDC73FE52B81C455001432AB /* StatisticRowView.swift */,
			);
			path = Statistics;
			sourceTree = "<group>";
		};
		BDC73FEF2B8466D5001432AB /* Categories */ = {
			isa = PBXGroup;
			children = (
				BDC73FEC2B8230D8001432AB /* CategoryViewModel.swift */,
				BD85761729144828003D4D47 /* CategoriesView.swift */,
				BDC66B322B85B43300DAB22C /* CategoryGridButton.swift */,
				BDC66B302B85B40700DAB22C /* CategoryCardView.swift */,
				BD8576192914482F003D4D47 /* CategoryView.swift */,
				BDC73FEA2B823045001432AB /* CategoryInputField.swift */,
			);
			path = Categories;
			sourceTree = "<group>";
		};
		BDC73FF02B846710001432AB /* Settings */ = {
			isa = PBXGroup;
			children = (
				BD44D8A0293262C3009130D3 /* Settings.swift */,
				BDA7794A292019810032EB52 /* SettingsView.swift */,
				BD4DD59D29DF45A4008669D1 /* DebugView.swift */,
				BDC66B352B8741C000DAB22C /* StreakRestorationView.swift */,
			);
			path = Settings;
			sourceTree = "<group>";
		};
		BDE9E2022923F0A5008577DF /* Other */ = {
			isa = PBXGroup;
			children = (
				BD9B38422915537E00B6B042 /* Kitchen Utensils.txt */,
				BD9B384B2915537F00B6B042 /* Time Periods.txt */,
				BD9B383E2915537E00B6B042 /* Jobs.txt */,
				BD9B38512915537F00B6B042 /* Stationery.txt */,
				BD9B38492915537F00B6B042 /* Apps.txt */,
				BD9B38332915537E00B6B042 /* Weapons.txt */,
			);
			path = Other;
			sourceTree = "<group>";
		};
/* End PBXGroup section */

/* Begin PBXNativeTarget section */
		BD8575FD29144789003D4D47 /* Wordout */ = {
			isa = PBXNativeTarget;
			buildConfigurationList = BD85760C2914478B003D4D47 /* Build configuration list for PBXNativeTarget "Wordout" */;
			buildPhases = (
				BD8575FA29144789003D4D47 /* Sources */,
				BD8575FB29144789003D4D47 /* Frameworks */,
				BD8575FC29144789003D4D47 /* Resources */,
				BD8461E92937E43700451323 /* Embed Foundation Extensions */,
			);
			buildRules = (
			);
			dependencies = (
			);
			name = Wordout;
			productName = Wordout;
			productReference = BD8575FE29144789003D4D47 /* Wordout.app */;
			productType = "com.apple.product-type.application";
		};
/* End PBXNativeTarget section */

/* Begin PBXProject section */
		BD8575F629144789003D4D47 /* Project object */ = {
			isa = PBXProject;
			attributes = {
				BuildIndependentTargetsInParallel = 1;
				LastSwiftUpdateCheck = 1410;
				LastUpgradeCheck = 1410;
				TargetAttributes = {
					BD8575FD29144789003D4D47 = {
						CreatedOnToolsVersion = 14.1;
					};
				};
			};
			buildConfigurationList = BD8575F929144789003D4D47 /* Build configuration list for PBXProject "Wordout" */;
			compatibilityVersion = "Xcode 14.0";
			developmentRegion = en;
			hasScannedForEncodings = 0;
			knownRegions = (
				en,
				Base,
			);
			mainGroup = BD8575F529144789003D4D47;
			productRefGroup = BD8575FF29144789003D4D47 /* Products */;
			projectDirPath = "";
			projectRoot = "";
			targets = (
				BD8575FD29144789003D4D47 /* Wordout */,
			);
		};
/* End PBXProject section */

/* Begin PBXResourcesBuildPhase section */
		BD8575FC29144789003D4D47 /* Resources */ = {
			isa = PBXResourcesBuildPhase;
			buildActionMask = 2147483647;
			files = (
				BD9B38782915537F00B6B042 /* Body Parts.txt in Resources */,
				BD9B38762915537F00B6B042 /* Weather.txt in Resources */,
				BD8576092914478B003D4D47 /* Preview Assets.xcassets in Resources */,
				BD8576062914478B003D4D47 /* Assets.xcassets in Resources */,
				BD9B38572915537F00B6B042 /* Animals.txt in Resources */,
				BD9B38552915537F00B6B042 /* Containers.txt in Resources */,
				BD9B38772915537F00B6B042 /* Home Items.txt in Resources */,
				BD9B38682915537F00B6B042 /* Nature.txt in Resources */,
				BD9B387C2915537F00B6B042 /* Romance.txt in Resources */,
				BD9B38622915537F00B6B042 /* Buildings.txt in Resources */,
				BD9B38582915537F00B6B042 /* Food.txt in Resources */,
				BD9B387B2915537F00B6B042 /* Games.txt in Resources */,
				BD9B38712915537F00B6B042 /* Christmas.txt in Resources */,
				BD9B38612915537F00B6B042 /* Maths.txt in Resources */,
				BD9B385A2915537F00B6B042 /* Colours.txt in Resources */,
				BD9B386F2915537F00B6B042 /* Space.txt in Resources */,
				BDE9E2082925427F008577DF /* Cooking.txt in Resources */,
				BD9B385C2915537F00B6B042 /* Weapons.txt in Resources */,
				BD9B38632915537F00B6B042 /* Titles.txt in Resources */,
				BD9B385B2915537F00B6B042 /* Units.txt in Resources */,
				BD9B38592915537F00B6B042 /* Books.txt in Resources */,
				BD9B38732915537F00B6B042 /* Materials.txt in Resources */,
				BD9B38722915537F00B6B042 /* Apps.txt in Resources */,
				BD9B38542915537F00B6B042 /* Vehicles.txt in Resources */,
				BD9B386B2915537F00B6B042 /* Kitchen Utensils.txt in Resources */,
				BD9B38672915537F00B6B042 /* Jobs.txt in Resources */,
				BD9B386A2915537F00B6B042 /* Family.txt in Resources */,
				BD9B38752915537F00B6B042 /* Tools.txt in Resources */,
				BD9B388029155AB800B6B042 /* Index.txt in Resources */,
				BD9B38562915537F00B6B042 /* Drinks.txt in Resources */,
				BD9B38662915537F00B6B042 /* Music.txt in Resources */,
				BD9B38692915537F00B6B042 /* Clothing.txt in Resources */,
				BD9B38742915537F00B6B042 /* Time Periods.txt in Resources */,
				BD9B38702915537F00B6B042 /* Countries.txt in Resources */,
				BD9B387A2915537F00B6B042 /* Stationery.txt in Resources */,
				BD9B38602915537F00B6B042 /* Companies.txt in Resources */,
				BD9B386E2915537F00B6B042 /* Cities.txt in Resources */,
				BD9B385D2915537F00B6B042 /* Water.txt in Resources */,
				BD9B385F2915537F00B6B042 /* Trees.txt in Resources */,
				BD9B385E2915537F00B6B042 /* Sport.txt in Resources */,
				BD9B38642915537F00B6B042 /* Chemistry.txt in Resources */,
			);
			runOnlyForDeploymentPostprocessing = 0;
		};
/* End PBXResourcesBuildPhase section */

/* Begin PBXSourcesBuildPhase section */
		BD8575FA29144789003D4D47 /* Sources */ = {
			isa = PBXSourcesBuildPhase;
			buildActionMask = 2147483647;
			files = (
				BDC73FC12B7CD890001432AB /* PuzzleViewTopBar.swift in Sources */,
				BD36CBA32926768300BC93E2 /* InAppPurchaseView.swift in Sources */,
				BDC73FB32B7CCBB7001432AB /* SeededRandomNumberGenerator.swift in Sources */,
				BDC73FBD2B7CD553001432AB /* PuzzleViewCaption.swift in Sources */,
				BDC73FEB2B823045001432AB /* CategoryInputField.swift in Sources */,
				BD9B38822915A7E400B6B042 /* QuestionView.swift in Sources */,
				BDC73FED2B8230D8001432AB /* CategoryViewModel.swift in Sources */,
				BDC73FBB2B7CD49B001432AB /* PuzzleView.swift in Sources */,
				BD4DD59E29DF45A4008669D1 /* DebugView.swift in Sources */,
				BDC73FB12B7CCAD6001432AB /* Array+.swift in Sources */,
				BDA7794B292019810032EB52 /* SettingsView.swift in Sources */,
				BDEE3F9B2919870200DD65B2 /* InstructionsView.swift in Sources */,
				BDA7794929200FC40032EB52 /* StatisticsView.swift in Sources */,
				BD559BCF2B9438030044583C /* FullUnlockRowView.swift in Sources */,
				BDC73FC32B7DFF33001432AB /* MenuAction.swift in Sources */,
				BDC73FE62B81C455001432AB /* StatisticRowView.swift in Sources */,
				BDC73FAF2B7B7366001432AB /* Question.swift in Sources */,
				BD36CB9C2926577900BC93E2 /* UnlockManager.swift in Sources */,
				BDC66B312B85B40700DAB22C /* CategoryCardView.swift in Sources */,
				BD857610291447D0003D4D47 /* MainMenuView.swift in Sources */,
				BDC73FC52B7E012D001432AB /* CompleteView.swift in Sources */,
				BDC73FB92B7CD0D9001432AB /* GameView.swift in Sources */,
				BDC73FDA2B80DC1E001432AB /* PanelButton.swift in Sources */,
				BD44D89F293262B4009130D3 /* Statistics.swift in Sources */,
				BDC73FB52B7CD021001432AB /* GameModel.swift in Sources */,
				BDEE3FA12919C56100DD65B2 /* View+Transitions.swift in Sources */,
				BDC73FAD2B7B735F001432AB /* Puzzle.swift in Sources */,
				BD1CA6482B84D7890088B3D2 /* Haptics.swift in Sources */,
				BDC66B2F2B85A6BF00DAB22C /* StoredBoolean.swift in Sources */,
				BDEE3F9F2919929800DD65B2 /* YesterdaysAnswersView.swift in Sources */,
				BD85761829144828003D4D47 /* CategoriesView.swift in Sources */,
				BD85760429144789003D4D47 /* ContentView.swift in Sources */,
				BDC66B362B8741C000DAB22C /* StreakRestorationView.swift in Sources */,
				BD8461ED2937E70D00451323 /* DomingoEngine.swift in Sources */,
				BDC73FBF2B7CD621001432AB /* PuzzleViewInputField.swift in Sources */,
				BD85760229144789003D4D47 /* WordoutApp.swift in Sources */,
				BD1CA63F2B84C45F0088B3D2 /* View+Icon.swift in Sources */,
				BD44D89D2932629E009130D3 /* StoredInteger.swift in Sources */,
				BD36CBA1292675F600BC93E2 /* FullUnlockView.swift in Sources */,
				BD9B387E291553C600B6B042 /* Other Extensions.swift in Sources */,
				BD1CA6462B84D6AD0088B3D2 /* Bundle+CategoryDecoding.swift in Sources */,
				BD44D8A1293262C3009130D3 /* Settings.swift in Sources */,
				BD1CA6422B84D6180088B3D2 /* Date+Seed.swift in Sources */,
				BDC66B332B85B43300DAB22C /* CategoryGridButton.swift in Sources */,
				BD857612291447FA003D4D47 /* WelcomeView.swift in Sources */,
				BD85761A2914482F003D4D47 /* CategoryView.swift in Sources */,
				BD1CA6442B84D67D0088B3D2 /* Calendar+DaysBetween.swift in Sources */,
				BDE9E20A2925511D008577DF /* EmailManager.swift in Sources */,
				BDC73FA92B7B7114001432AB /* MainMenuModel.swift in Sources */,
				BDC73FC92B7E09AF001432AB /* MainMenuItemView.swift in Sources */,
				BDC73FAB2B7B735B001432AB /* Category.swift in Sources */,
			);
			runOnlyForDeploymentPostprocessing = 0;
		};
/* End PBXSourcesBuildPhase section */

/* Begin XCBuildConfiguration section */
		BD85760A2914478B003D4D47 /* Debug */ = {
			isa = XCBuildConfiguration;
			buildSettings = {
				ALWAYS_SEARCH_USER_PATHS = NO;
				CLANG_ANALYZER_NONNULL = YES;
				CLANG_ANALYZER_NUMBER_OBJECT_CONVERSION = YES_AGGRESSIVE;
				CLANG_CXX_LANGUAGE_STANDARD = "gnu++20";
				CLANG_ENABLE_MODULES = YES;
				CLANG_ENABLE_OBJC_ARC = YES;
				CLANG_ENABLE_OBJC_WEAK = YES;
				CLANG_WARN_BLOCK_CAPTURE_AUTORELEASING = YES;
				CLANG_WARN_BOOL_CONVERSION = YES;
				CLANG_WARN_COMMA = YES;
				CLANG_WARN_CONSTANT_CONVERSION = YES;
				CLANG_WARN_DEPRECATED_OBJC_IMPLEMENTATIONS = YES;
				CLANG_WARN_DIRECT_OBJC_ISA_USAGE = YES_ERROR;
				CLANG_WARN_DOCUMENTATION_COMMENTS = YES;
				CLANG_WARN_EMPTY_BODY = YES;
				CLANG_WARN_ENUM_CONVERSION = YES;
				CLANG_WARN_INFINITE_RECURSION = YES;
				CLANG_WARN_INT_CONVERSION = YES;
				CLANG_WARN_NON_LITERAL_NULL_CONVERSION = YES;
				CLANG_WARN_OBJC_IMPLICIT_RETAIN_SELF = YES;
				CLANG_WARN_OBJC_LITERAL_CONVERSION = YES;
				CLANG_WARN_OBJC_ROOT_CLASS = YES_ERROR;
				CLANG_WARN_QUOTED_INCLUDE_IN_FRAMEWORK_HEADER = YES;
				CLANG_WARN_RANGE_LOOP_ANALYSIS = YES;
				CLANG_WARN_STRICT_PROTOTYPES = YES;
				CLANG_WARN_SUSPICIOUS_MOVE = YES;
				CLANG_WARN_UNGUARDED_AVAILABILITY = YES_AGGRESSIVE;
				CLANG_WARN_UNREACHABLE_CODE = YES;
				CLANG_WARN__DUPLICATE_METHOD_MATCH = YES;
				COPY_PHASE_STRIP = NO;
				DEBUG_INFORMATION_FORMAT = dwarf;
				ENABLE_STRICT_OBJC_MSGSEND = YES;
				ENABLE_TESTABILITY = YES;
				GCC_C_LANGUAGE_STANDARD = gnu11;
				GCC_DYNAMIC_NO_PIC = NO;
				GCC_NO_COMMON_BLOCKS = YES;
				GCC_OPTIMIZATION_LEVEL = 0;
				GCC_PREPROCESSOR_DEFINITIONS = (
					"DEBUG=1",
					"$(inherited)",
				);
				GCC_WARN_64_TO_32_BIT_CONVERSION = YES;
				GCC_WARN_ABOUT_RETURN_TYPE = YES_ERROR;
				GCC_WARN_UNDECLARED_SELECTOR = YES;
				GCC_WARN_UNINITIALIZED_AUTOS = YES_AGGRESSIVE;
				GCC_WARN_UNUSED_FUNCTION = YES;
				GCC_WARN_UNUSED_VARIABLE = YES;
				IPHONEOS_DEPLOYMENT_TARGET = 16.1;
				MTL_ENABLE_DEBUG_INFO = INCLUDE_SOURCE;
				MTL_FAST_MATH = YES;
				ONLY_ACTIVE_ARCH = YES;
				SDKROOT = iphoneos;
				SWIFT_ACTIVE_COMPILATION_CONDITIONS = DEBUG;
				SWIFT_OPTIMIZATION_LEVEL = "-Onone";
			};
			name = Debug;
		};
		BD85760B2914478B003D4D47 /* Release */ = {
			isa = XCBuildConfiguration;
			buildSettings = {
				ALWAYS_SEARCH_USER_PATHS = NO;
				CLANG_ANALYZER_NONNULL = YES;
				CLANG_ANALYZER_NUMBER_OBJECT_CONVERSION = YES_AGGRESSIVE;
				CLANG_CXX_LANGUAGE_STANDARD = "gnu++20";
				CLANG_ENABLE_MODULES = YES;
				CLANG_ENABLE_OBJC_ARC = YES;
				CLANG_ENABLE_OBJC_WEAK = YES;
				CLANG_WARN_BLOCK_CAPTURE_AUTORELEASING = YES;
				CLANG_WARN_BOOL_CONVERSION = YES;
				CLANG_WARN_COMMA = YES;
				CLANG_WARN_CONSTANT_CONVERSION = YES;
				CLANG_WARN_DEPRECATED_OBJC_IMPLEMENTATIONS = YES;
				CLANG_WARN_DIRECT_OBJC_ISA_USAGE = YES_ERROR;
				CLANG_WARN_DOCUMENTATION_COMMENTS = YES;
				CLANG_WARN_EMPTY_BODY = YES;
				CLANG_WARN_ENUM_CONVERSION = YES;
				CLANG_WARN_INFINITE_RECURSION = YES;
				CLANG_WARN_INT_CONVERSION = YES;
				CLANG_WARN_NON_LITERAL_NULL_CONVERSION = YES;
				CLANG_WARN_OBJC_IMPLICIT_RETAIN_SELF = YES;
				CLANG_WARN_OBJC_LITERAL_CONVERSION = YES;
				CLANG_WARN_OBJC_ROOT_CLASS = YES_ERROR;
				CLANG_WARN_QUOTED_INCLUDE_IN_FRAMEWORK_HEADER = YES;
				CLANG_WARN_RANGE_LOOP_ANALYSIS = YES;
				CLANG_WARN_STRICT_PROTOTYPES = YES;
				CLANG_WARN_SUSPICIOUS_MOVE = YES;
				CLANG_WARN_UNGUARDED_AVAILABILITY = YES_AGGRESSIVE;
				CLANG_WARN_UNREACHABLE_CODE = YES;
				CLANG_WARN__DUPLICATE_METHOD_MATCH = YES;
				COPY_PHASE_STRIP = NO;
				DEBUG_INFORMATION_FORMAT = "dwarf-with-dsym";
				ENABLE_NS_ASSERTIONS = NO;
				ENABLE_STRICT_OBJC_MSGSEND = YES;
				GCC_C_LANGUAGE_STANDARD = gnu11;
				GCC_NO_COMMON_BLOCKS = YES;
				GCC_WARN_64_TO_32_BIT_CONVERSION = YES;
				GCC_WARN_ABOUT_RETURN_TYPE = YES_ERROR;
				GCC_WARN_UNDECLARED_SELECTOR = YES;
				GCC_WARN_UNINITIALIZED_AUTOS = YES_AGGRESSIVE;
				GCC_WARN_UNUSED_FUNCTION = YES;
				GCC_WARN_UNUSED_VARIABLE = YES;
				IPHONEOS_DEPLOYMENT_TARGET = 16.1;
				MTL_ENABLE_DEBUG_INFO = NO;
				MTL_FAST_MATH = YES;
				SDKROOT = iphoneos;
				SWIFT_COMPILATION_MODE = wholemodule;
				SWIFT_OPTIMIZATION_LEVEL = "-O";
				VALIDATE_PRODUCT = YES;
			};
			name = Release;
		};
		BD85760D2914478B003D4D47 /* Debug */ = {
			isa = XCBuildConfiguration;
			buildSettings = {
				ALWAYS_EMBED_SWIFT_STANDARD_LIBRARIES = YES;
				ASSETCATALOG_COMPILER_APPICON_NAME = AppIcon;
				ASSETCATALOG_COMPILER_GLOBAL_ACCENT_COLOR_NAME = AccentColor;
				CODE_SIGN_STYLE = Automatic;
				CURRENT_PROJECT_VERSION = 1;
				DEVELOPMENT_ASSET_PATHS = "\"Wordout/Preview Content\"";
				DEVELOPMENT_TEAM = 9XW35Y79U2;
				ENABLE_PREVIEWS = YES;
				GENERATE_INFOPLIST_FILE = YES;
				INFOPLIST_FILE = Wordout/Info.plist;
				INFOPLIST_KEY_CFBundleDisplayName = Domingo;
				INFOPLIST_KEY_LSApplicationCategoryType = "public.app-category.word-games";
				INFOPLIST_KEY_UIApplicationSceneManifest_Generation = YES;
				INFOPLIST_KEY_UIApplicationSupportsIndirectInputEvents = YES;
				INFOPLIST_KEY_UILaunchScreen_Generation = YES;
				INFOPLIST_KEY_UIRequiresFullScreen = NO;
				INFOPLIST_KEY_UISupportedInterfaceOrientations = UIInterfaceOrientationPortrait;
				INFOPLIST_KEY_UISupportedInterfaceOrientations_iPad = "UIInterfaceOrientationLandscapeLeft UIInterfaceOrientationLandscapeRight UIInterfaceOrientationPortrait UIInterfaceOrientationPortraitUpsideDown";
				IPHONEOS_DEPLOYMENT_TARGET = 15.0;
				LD_RUNPATH_SEARCH_PATHS = (
					"$(inherited)",
					"@executable_path/Frameworks",
				);
				MARKETING_VERSION = 1.1.4;
				PRODUCT_BUNDLE_IDENTIFIER = casperd.Wordout;
				PRODUCT_NAME = "$(TARGET_NAME)";
				SUPPORTED_PLATFORMS = "iphoneos iphonesimulator";
				SUPPORTS_MACCATALYST = NO;
				SUPPORTS_MAC_DESIGNED_FOR_IPHONE_IPAD = NO;
				SWIFT_EMIT_LOC_STRINGS = YES;
				SWIFT_VERSION = 5.0;
				TARGETED_DEVICE_FAMILY = "1,2";
			};
			name = Debug;
		};
		BD85760E2914478B003D4D47 /* Release */ = {
			isa = XCBuildConfiguration;
			buildSettings = {
				ALWAYS_EMBED_SWIFT_STANDARD_LIBRARIES = YES;
				ASSETCATALOG_COMPILER_APPICON_NAME = AppIcon;
				ASSETCATALOG_COMPILER_GLOBAL_ACCENT_COLOR_NAME = AccentColor;
				CODE_SIGN_STYLE = Automatic;
				CURRENT_PROJECT_VERSION = 1;
				DEVELOPMENT_ASSET_PATHS = "\"Wordout/Preview Content\"";
				DEVELOPMENT_TEAM = 9XW35Y79U2;
				ENABLE_PREVIEWS = YES;
				GENERATE_INFOPLIST_FILE = YES;
				INFOPLIST_FILE = Wordout/Info.plist;
				INFOPLIST_KEY_CFBundleDisplayName = Domingo;
				INFOPLIST_KEY_LSApplicationCategoryType = "public.app-category.word-games";
				INFOPLIST_KEY_UIApplicationSceneManifest_Generation = YES;
				INFOPLIST_KEY_UIApplicationSupportsIndirectInputEvents = YES;
				INFOPLIST_KEY_UILaunchScreen_Generation = YES;
				INFOPLIST_KEY_UIRequiresFullScreen = NO;
				INFOPLIST_KEY_UISupportedInterfaceOrientations = UIInterfaceOrientationPortrait;
				INFOPLIST_KEY_UISupportedInterfaceOrientations_iPad = "UIInterfaceOrientationLandscapeLeft UIInterfaceOrientationLandscapeRight UIInterfaceOrientationPortrait UIInterfaceOrientationPortraitUpsideDown";
				IPHONEOS_DEPLOYMENT_TARGET = 15.0;
				LD_RUNPATH_SEARCH_PATHS = (
					"$(inherited)",
					"@executable_path/Frameworks",
				);
				MARKETING_VERSION = 1.1.4;
				PRODUCT_BUNDLE_IDENTIFIER = casperd.Wordout;
				PRODUCT_NAME = "$(TARGET_NAME)";
				SUPPORTED_PLATFORMS = "iphoneos iphonesimulator";
				SUPPORTS_MACCATALYST = NO;
				SUPPORTS_MAC_DESIGNED_FOR_IPHONE_IPAD = NO;
				SWIFT_EMIT_LOC_STRINGS = YES;
				SWIFT_VERSION = 5.0;
				TARGETED_DEVICE_FAMILY = "1,2";
			};
			name = Release;
		};
/* End XCBuildConfiguration section */

/* Begin XCConfigurationList section */
		BD8575F929144789003D4D47 /* Build configuration list for PBXProject "Wordout" */ = {
			isa = XCConfigurationList;
			buildConfigurations = (
				BD85760A2914478B003D4D47 /* Debug */,
				BD85760B2914478B003D4D47 /* Release */,
			);
			defaultConfigurationIsVisible = 0;
			defaultConfigurationName = Release;
		};
		BD85760C2914478B003D4D47 /* Build configuration list for PBXNativeTarget "Wordout" */ = {
			isa = XCConfigurationList;
			buildConfigurations = (
				BD85760D2914478B003D4D47 /* Debug */,
				BD85760E2914478B003D4D47 /* Release */,
			);
			defaultConfigurationIsVisible = 0;
			defaultConfigurationName = Release;
		};
/* End XCConfigurationList section */
	};
	rootObject = BD8575F629144789003D4D47 /* Project object */;
}
